PODS:
  - Alamofire (3.4.0)
  - React/Core (0.25.1)
  - React/RCTImage (0.25.1):
    - React/Core
    - React/RCTNetwork
  - React/RCTNetwork (0.25.1):
    - React/Core
  - React/RCTText (0.25.1):
    - React/Core
  - React/RCTWebSocket (0.25.1):
    - React/Core
  - SwiftyJSON (2.3.2)

DEPENDENCIES:
  - Alamofire (~> 3.0)
  - React/Core (from `./node_modules/react-native`)
  - React/RCTImage (from `./node_modules/react-native`)
  - React/RCTNetwork (from `./node_modules/react-native`)
  - React/RCTText (from `./node_modules/react-native`)
  - React/RCTWebSocket (from `./node_modules/react-native`)
  - SwiftyJSON (from `https://github.com/SwiftyJSON/SwiftyJSON.git`)

EXTERNAL SOURCES:
  React:
    :path: ./node_modules/react-native
  SwiftyJSON:
    :git: https://github.com/SwiftyJSON/SwiftyJSON.git

CHECKOUT OPTIONS:
  SwiftyJSON:
    :commit: 2a5b70f06001316d4fb54501edc70b4084705da0
    :git: https://github.com/SwiftyJSON/SwiftyJSON.git

SPEC CHECKSUMS:
  Alamofire: c19a627cefd6a95f840401c49ab1f124e07f54ee
  React: b35b2b2e07273da1f7266ab2975e0d1033bd913d
  SwiftyJSON: 04ccea08915aa0109039157c7974cf0298da292a

PODFILE CHECKSUM: 1f37fe6b507ad131f3ada5b3a0689de3f3a2e108

COCOAPODS: 1.0.0
