PODS:
  - Alamofire (3.3.1)
  - React/Core (0.23.1)
  - React/RCTImage (0.23.1):
    - React/Core
    - React/RCTNetwork
  - React/RCTNetwork (0.23.1):
    - React/Core
  - React/RCTText (0.23.1):
    - React/Core
  - React/RCTWebSocket (0.23.1):
    - React/Core
  - SwiftyJSON (2.3.2)

DEPENDENCIES:
  - Alamofire (~> 3.0)
  - React/Core (from `./node_modules/react-native`)
  - React/RCTImage (from `./node_modules/react-native`)
  - React/RCTNetwork (from `./node_modules/react-native`)
  - React/RCTText (from `./node_modules/react-native`)
  - React/RCTWebSocket (from `./node_modules/react-native`)
  - SwiftyJSON (from `https://github.com/SwiftyJSON/SwiftyJSON.git`)

EXTERNAL SOURCES:
  React:
    :path: ./node_modules/react-native
  SwiftyJSON:
    :git: https://github.com/SwiftyJSON/SwiftyJSON.git

CHECKOUT OPTIONS:
  SwiftyJSON:
    :commit: 2a5b70f06001316d4fb54501edc70b4084705da0
    :git: https://github.com/SwiftyJSON/SwiftyJSON.git

SPEC CHECKSUMS:
  Alamofire: 369bc67b6f5ac33ded3648d7bd21c5bfb91c2ecc
  React: 0bc1e9a6369dc610ff0b29415ed0cab5229614f5
  SwiftyJSON: 04ccea08915aa0109039157c7974cf0298da292a

COCOAPODS: 0.39.0
