// !$*UTF8*$!
{
	archiveVersion = 1;
	classes = {
	};
	objectVersion = 46;
	objects = {

/* Begin PBXBuildFile section */
		2560D6DD1C0D1B77009CB756 /* Reachability.m in Sources */ = {isa = PBXBuildFile; fileRef = 2560D6DC1C0D1B77009CB756 /* Reachability.m */; };
		2569CB9A1C1E144200E10897 /* Images-2.xcassets in Resources */ = {isa = PBXBuildFile; fileRef = 2569CB991C1E144200E10897 /* Images-2.xcassets */; };
		2599C7071C0CBBA90018DB65 /* AppDelegate.swift in Sources */ = {isa = PBXBuildFile; fileRef = 2599C7061C0CBBA90018DB65 /* AppDelegate.swift */; };
		2599C7091C0CBBA90018DB65 /* ViewController.swift in Sources */ = {isa = PBXBuildFile; fileRef = 2599C7081C0CBBA90018DB65 /* ViewController.swift */; };
		2599C71C1C0CBBA90018DB65 /* Should_I_RunTests.swift in Sources */ = {isa = PBXBuildFile; fileRef = 2599C71B1C0CBBA90018DB65 /* Should_I_RunTests.swift */; };
		2599C7271C0CBBA90018DB65 /* Should_I_RunUITests.swift in Sources */ = {isa = PBXBuildFile; fileRef = 2599C7261C0CBBA90018DB65 /* Should_I_RunUITests.swift */; };
		2599C7651C0CBCA40018DB65 /* LaunchScreen.storyboard in Resources */ = {isa = PBXBuildFile; fileRef = 2599C7351C0CBCA40018DB65 /* LaunchScreen.storyboard */; };
		2599C7661C0CBCA40018DB65 /* Main.storyboard in Resources */ = {isa = PBXBuildFile; fileRef = 2599C7371C0CBCA40018DB65 /* Main.storyboard */; };
		2599C7681C0CBCA40018DB65 /* Cache.plist in Resources */ = {isa = PBXBuildFile; fileRef = 2599C73B1C0CBCA40018DB65 /* Cache.plist */; };
		2599C7691C0CBCA40018DB65 /* Locations.plist in Resources */ = {isa = PBXBuildFile; fileRef = 2599C73C1C0CBCA40018DB65 /* Locations.plist */; };
		2599C76C1C0CBCA40018DB65 /* bartLookup.swift in Sources */ = {isa = PBXBuildFile; fileRef = 2599C7401C0CBCA40018DB65 /* bartLookup.swift */; };
		2599C76D1C0CBCA40018DB65 /* ColorHelper.swift in Sources */ = {isa = PBXBuildFile; fileRef = 2599C7411C0CBCA40018DB65 /* ColorHelper.swift */; };
		2599C7721C0CBCA40018DB65 /* MainTableViewController.swift in Sources */ = {isa = PBXBuildFile; fileRef = 2599C7491C0CBCA40018DB65 /* MainTableViewController.swift */; };
		2599C7731C0CBCA40018DB65 /* ApiController.swift in Sources */ = {isa = PBXBuildFile; fileRef = 2599C74B1C0CBCA40018DB65 /* ApiController.swift */; };
		2599C7741C0CBCA40018DB65 /* DataHandler.swift in Sources */ = {isa = PBXBuildFile; fileRef = 2599C74C1C0CBCA40018DB65 /* DataHandler.swift */; };
		2599C7771C0CBCA40018DB65 /* cell1.swift in Sources */ = {isa = PBXBuildFile; fileRef = 2599C7501C0CBCA40018DB65 /* cell1.swift */; };
		2599C7781C0CBCA40018DB65 /* cell2.swift in Sources */ = {isa = PBXBuildFile; fileRef = 2599C7511C0CBCA40018DB65 /* cell2.swift */; };
		2599C7791C0CBCA40018DB65 /* cell3.swift in Sources */ = {isa = PBXBuildFile; fileRef = 2599C7521C0CBCA40018DB65 /* cell3.swift */; };
		2599C77A1C0CBCA40018DB65 /* cell4.swift in Sources */ = {isa = PBXBuildFile; fileRef = 2599C7531C0CBCA40018DB65 /* cell4.swift */; };
		2599C77B1C0CBCA40018DB65 /* cell5.swift in Sources */ = {isa = PBXBuildFile; fileRef = 2599C7541C0CBCA40018DB65 /* cell5.swift */; };
		2599C77C1C0CBCA40018DB65 /* ResultViewController.swift in Sources */ = {isa = PBXBuildFile; fileRef = 2599C7551C0CBCA40018DB65 /* ResultViewController.swift */; };
		2599C7831C0CBCA40018DB65 /* LoadingViewController.swift in Sources */ = {isa = PBXBuildFile; fileRef = 2599C75C1C0CBCA40018DB65 /* LoadingViewController.swift */; };
		2599C7841C0CBCA40018DB65 /* AddAlarmViewController.swift in Sources */ = {isa = PBXBuildFile; fileRef = 2599C75D1C0CBCA40018DB65 /* AddAlarmViewController.swift */; };
		2599C7851C0CBCA40018DB65 /* AddViewController.swift in Sources */ = {isa = PBXBuildFile; fileRef = 2599C75E1C0CBCA40018DB65 /* AddViewController.swift */; };
		2599C7861C0CBCA40018DB65 /* FileManager.swift in Sources */ = {isa = PBXBuildFile; fileRef = 2599C75F1C0CBCA40018DB65 /* FileManager.swift */; };
		2599C7881C0CBCA40018DB65 /* Route.swift in Sources */ = {isa = PBXBuildFile; fileRef = 2599C7611C0CBCA40018DB65 /* Route.swift */; };
		2599C7891C0CBCA40018DB65 /* UserLocationManager.swift in Sources */ = {isa = PBXBuildFile; fileRef = 2599C7621C0CBCA40018DB65 /* UserLocationManager.swift */; };
		2599C78A1C0CBCA40018DB65 /* WalkingDirectionsManager.swift in Sources */ = {isa = PBXBuildFile; fileRef = 2599C7631C0CBCA40018DB65 /* WalkingDirectionsManager.swift */; };
		2599C78B1C0CBCA40018DB65 /* Destination.swift in Sources */ = {isa = PBXBuildFile; fileRef = 2599C7641C0CBCA40018DB65 /* Destination.swift */; };
		25B8ECA91C275DDD00121C67 /* Styles.swift in Sources */ = {isa = PBXBuildFile; fileRef = 25B8ECA81C275DDD00121C67 /* Styles.swift */; };
		B51C47266A41BC47920155F7 /* Pods.framework in Frameworks */ = {isa = PBXBuildFile; fileRef = EEDDB5DF0AFA58D9F03C185C /* Pods.framework */; };
/* End PBXBuildFile section */

/* Begin PBXContainerItemProxy section */
		2599C7181C0CBBA90018DB65 /* PBXContainerItemProxy */ = {
			isa = PBXContainerItemProxy;
			containerPortal = 2599C6FB1C0CBBA80018DB65 /* Project object */;
			proxyType = 1;
			remoteGlobalIDString = 2599C7021C0CBBA90018DB65;
			remoteInfo = Should_I_Run;
		};
		2599C7231C0CBBA90018DB65 /* PBXContainerItemProxy */ = {
			isa = PBXContainerItemProxy;
			containerPortal = 2599C6FB1C0CBBA80018DB65 /* Project object */;
			proxyType = 1;
			remoteGlobalIDString = 2599C7021C0CBBA90018DB65;
			remoteInfo = Should_I_Run;
		};
/* End PBXContainerItemProxy section */

/* Begin PBXFileReference section */
		2560D6DB1C0D1B77009CB756 /* Reachability.h */ = {isa = PBXFileReference; fileEncoding = 4; lastKnownFileType = sourcecode.c.h; path = Reachability.h; sourceTree = "<group>"; };
		2560D6DC1C0D1B77009CB756 /* Reachability.m */ = {isa = PBXFileReference; fileEncoding = 4; lastKnownFileType = sourcecode.c.objc; path = Reachability.m; sourceTree = "<group>"; };
		2569CB991C1E144200E10897 /* Images-2.xcassets */ = {isa = PBXFileReference; lastKnownFileType = folder.assetcatalog; path = "Images-2.xcassets"; sourceTree = "<group>"; };
		2599C7031C0CBBA90018DB65 /* Should_I_Run.app */ = {isa = PBXFileReference; explicitFileType = wrapper.application; includeInIndex = 0; path = Should_I_Run.app; sourceTree = BUILT_PRODUCTS_DIR; };
		2599C7061C0CBBA90018DB65 /* AppDelegate.swift */ = {isa = PBXFileReference; lastKnownFileType = sourcecode.swift; path = AppDelegate.swift; sourceTree = "<group>"; };
		2599C7081C0CBBA90018DB65 /* ViewController.swift */ = {isa = PBXFileReference; lastKnownFileType = sourcecode.swift; path = ViewController.swift; sourceTree = "<group>"; };
		2599C7121C0CBBA90018DB65 /* Info.plist */ = {isa = PBXFileReference; lastKnownFileType = text.plist.xml; path = Info.plist; sourceTree = "<group>"; };
		2599C7171C0CBBA90018DB65 /* Should_I_RunTests.xctest */ = {isa = PBXFileReference; explicitFileType = wrapper.cfbundle; includeInIndex = 0; path = Should_I_RunTests.xctest; sourceTree = BUILT_PRODUCTS_DIR; };
		2599C71B1C0CBBA90018DB65 /* Should_I_RunTests.swift */ = {isa = PBXFileReference; lastKnownFileType = sourcecode.swift; path = Should_I_RunTests.swift; sourceTree = "<group>"; };
		2599C71D1C0CBBA90018DB65 /* Info.plist */ = {isa = PBXFileReference; lastKnownFileType = text.plist.xml; path = Info.plist; sourceTree = "<group>"; };
		2599C7221C0CBBA90018DB65 /* Should_I_RunUITests.xctest */ = {isa = PBXFileReference; explicitFileType = wrapper.cfbundle; includeInIndex = 0; path = Should_I_RunUITests.xctest; sourceTree = BUILT_PRODUCTS_DIR; };
		2599C7261C0CBBA90018DB65 /* Should_I_RunUITests.swift */ = {isa = PBXFileReference; lastKnownFileType = sourcecode.swift; path = Should_I_RunUITests.swift; sourceTree = "<group>"; };
		2599C7281C0CBBA90018DB65 /* Info.plist */ = {isa = PBXFileReference; lastKnownFileType = text.plist.xml; path = Info.plist; sourceTree = "<group>"; };
		2599C7361C0CBCA40018DB65 /* Base */ = {isa = PBXFileReference; lastKnownFileType = file.storyboard; name = Base; path = LaunchScreen.storyboard; sourceTree = "<group>"; };
		2599C7381C0CBCA40018DB65 /* Base */ = {isa = PBXFileReference; lastKnownFileType = file.storyboard; name = Base; path = Main.storyboard; sourceTree = "<group>"; };
		2599C73B1C0CBCA40018DB65 /* Cache.plist */ = {isa = PBXFileReference; fileEncoding = 4; lastKnownFileType = text.plist.xml; path = Cache.plist; sourceTree = "<group>"; };
		2599C73C1C0CBCA40018DB65 /* Locations.plist */ = {isa = PBXFileReference; fileEncoding = 4; lastKnownFileType = text.plist.xml; path = Locations.plist; sourceTree = "<group>"; };
		2599C7401C0CBCA40018DB65 /* bartLookup.swift */ = {isa = PBXFileReference; fileEncoding = 4; lastKnownFileType = sourcecode.swift; path = bartLookup.swift; sourceTree = "<group>"; };
		2599C7411C0CBCA40018DB65 /* ColorHelper.swift */ = {isa = PBXFileReference; fileEncoding = 4; lastKnownFileType = sourcecode.swift; path = ColorHelper.swift; sourceTree = "<group>"; };
		2599C7491C0CBCA40018DB65 /* MainTableViewController.swift */ = {isa = PBXFileReference; fileEncoding = 4; lastKnownFileType = sourcecode.swift; path = MainTableViewController.swift; sourceTree = "<group>"; };
		2599C74B1C0CBCA40018DB65 /* ApiController.swift */ = {isa = PBXFileReference; fileEncoding = 4; lastKnownFileType = sourcecode.swift; path = ApiController.swift; sourceTree = "<group>"; };
		2599C74C1C0CBCA40018DB65 /* DataHandler.swift */ = {isa = PBXFileReference; fileEncoding = 4; lastKnownFileType = sourcecode.swift; path = DataHandler.swift; sourceTree = "<group>"; };
		2599C7501C0CBCA40018DB65 /* cell1.swift */ = {isa = PBXFileReference; fileEncoding = 4; lastKnownFileType = sourcecode.swift; path = cell1.swift; sourceTree = "<group>"; };
		2599C7511C0CBCA40018DB65 /* cell2.swift */ = {isa = PBXFileReference; fileEncoding = 4; lastKnownFileType = sourcecode.swift; path = cell2.swift; sourceTree = "<group>"; };
		2599C7521C0CBCA40018DB65 /* cell3.swift */ = {isa = PBXFileReference; fileEncoding = 4; lastKnownFileType = sourcecode.swift; path = cell3.swift; sourceTree = "<group>"; };
		2599C7531C0CBCA40018DB65 /* cell4.swift */ = {isa = PBXFileReference; fileEncoding = 4; lastKnownFileType = sourcecode.swift; path = cell4.swift; sourceTree = "<group>"; };
		2599C7541C0CBCA40018DB65 /* cell5.swift */ = {isa = PBXFileReference; fileEncoding = 4; lastKnownFileType = sourcecode.swift; path = cell5.swift; sourceTree = "<group>"; };
		2599C7551C0CBCA40018DB65 /* ResultViewController.swift */ = {isa = PBXFileReference; fileEncoding = 4; lastKnownFileType = sourcecode.swift; path = ResultViewController.swift; sourceTree = "<group>"; };
		2599C75C1C0CBCA40018DB65 /* LoadingViewController.swift */ = {isa = PBXFileReference; fileEncoding = 4; lastKnownFileType = sourcecode.swift; path = LoadingViewController.swift; sourceTree = "<group>"; };
		2599C75D1C0CBCA40018DB65 /* AddAlarmViewController.swift */ = {isa = PBXFileReference; fileEncoding = 4; lastKnownFileType = sourcecode.swift; path = AddAlarmViewController.swift; sourceTree = "<group>"; };
		2599C75E1C0CBCA40018DB65 /* AddViewController.swift */ = {isa = PBXFileReference; fileEncoding = 4; lastKnownFileType = sourcecode.swift; path = AddViewController.swift; sourceTree = "<group>"; };
		2599C75F1C0CBCA40018DB65 /* FileManager.swift */ = {isa = PBXFileReference; fileEncoding = 4; lastKnownFileType = sourcecode.swift; path = FileManager.swift; sourceTree = "<group>"; };
		2599C7611C0CBCA40018DB65 /* Route.swift */ = {isa = PBXFileReference; fileEncoding = 4; lastKnownFileType = sourcecode.swift; path = Route.swift; sourceTree = "<group>"; };
		2599C7621C0CBCA40018DB65 /* UserLocationManager.swift */ = {isa = PBXFileReference; fileEncoding = 4; lastKnownFileType = sourcecode.swift; path = UserLocationManager.swift; sourceTree = "<group>"; };
		2599C7631C0CBCA40018DB65 /* WalkingDirectionsManager.swift */ = {isa = PBXFileReference; fileEncoding = 4; lastKnownFileType = sourcecode.swift; path = WalkingDirectionsManager.swift; sourceTree = "<group>"; };
		2599C7641C0CBCA40018DB65 /* Destination.swift */ = {isa = PBXFileReference; fileEncoding = 4; lastKnownFileType = sourcecode.swift; path = Destination.swift; sourceTree = "<group>"; };
		2599C78C1C0CBD200018DB65 /* Should_I_Run-Bridging-Header.h */ = {isa = PBXFileReference; lastKnownFileType = sourcecode.c.h; path = "Should_I_Run-Bridging-Header.h"; sourceTree = "<group>"; };
		25B8ECA81C275DDD00121C67 /* Styles.swift */ = {isa = PBXFileReference; fileEncoding = 4; lastKnownFileType = sourcecode.swift; path = Styles.swift; sourceTree = "<group>"; };
		74BF1B1E16D8725F3206C97E /* Pods.release.xcconfig */ = {isa = PBXFileReference; includeInIndex = 1; lastKnownFileType = text.xcconfig; name = Pods.release.xcconfig; path = "../Pods/Target Support Files/Pods/Pods.release.xcconfig"; sourceTree = "<group>"; };
		DE267F3A1510D0B85BB6D2BD /* Pods.debug.xcconfig */ = {isa = PBXFileReference; includeInIndex = 1; lastKnownFileType = text.xcconfig; name = Pods.debug.xcconfig; path = "../Pods/Target Support Files/Pods/Pods.debug.xcconfig"; sourceTree = "<group>"; };
		EEDDB5DF0AFA58D9F03C185C /* Pods.framework */ = {isa = PBXFileReference; explicitFileType = wrapper.framework; includeInIndex = 0; path = Pods.framework; sourceTree = BUILT_PRODUCTS_DIR; };
/* End PBXFileReference section */

/* Begin PBXFrameworksBuildPhase section */
		2599C7001C0CBBA90018DB65 /* Frameworks */ = {
			isa = PBXFrameworksBuildPhase;
			buildActionMask = 2147483647;
			files = (
				B51C47266A41BC47920155F7 /* Pods.framework in Frameworks */,
			);
			runOnlyForDeploymentPostprocessing = 0;
		};
		2599C7141C0CBBA90018DB65 /* Frameworks */ = {
			isa = PBXFrameworksBuildPhase;
			buildActionMask = 2147483647;
			files = (
			);
			runOnlyForDeploymentPostprocessing = 0;
		};
		2599C71F1C0CBBA90018DB65 /* Frameworks */ = {
			isa = PBXFrameworksBuildPhase;
			buildActionMask = 2147483647;
			files = (
			);
			runOnlyForDeploymentPostprocessing = 0;
		};
/* End PBXFrameworksBuildPhase section */

/* Begin PBXGroup section */
		2599C6FA1C0CBBA80018DB65 = {
			isa = PBXGroup;
			children = (
				2599C7051C0CBBA90018DB65 /* Should_I_Run */,
				2599C71A1C0CBBA90018DB65 /* Should_I_RunTests */,
				2599C7251C0CBBA90018DB65 /* Should_I_RunUITests */,
				2599C7041C0CBBA90018DB65 /* Products */,
				F460B1E1242E27F568CE4B64 /* Pods */,
				767ECFDEC0EEE5224DABF3DB /* Frameworks */,
			);
			sourceTree = "<group>";
		};
		2599C7041C0CBBA90018DB65 /* Products */ = {
			isa = PBXGroup;
			children = (
				2599C7031C0CBBA90018DB65 /* Should_I_Run.app */,
				2599C7171C0CBBA90018DB65 /* Should_I_RunTests.xctest */,
				2599C7221C0CBBA90018DB65 /* Should_I_RunUITests.xctest */,
			);
			name = Products;
			sourceTree = "<group>";
		};
		2599C7051C0CBBA90018DB65 /* Should_I_Run */ = {
			isa = PBXGroup;
			children = (
				2599C7341C0CBCA40018DB65 /* Base.lproj */,
				2599C73A1C0CBCA40018DB65 /* resources */,
				2599C73F1C0CBCA40018DB65 /* Helpers */,
				2599C7491C0CBCA40018DB65 /* MainTableViewController.swift */,
				2599C74A1C0CBCA40018DB65 /* api */,
				2599C74F1C0CBCA40018DB65 /* results */,
				2599C75C1C0CBCA40018DB65 /* LoadingViewController.swift */,
				2599C75D1C0CBCA40018DB65 /* AddAlarmViewController.swift */,
				2599C75E1C0CBCA40018DB65 /* AddViewController.swift */,
				2599C75F1C0CBCA40018DB65 /* FileManager.swift */,
				2599C7611C0CBCA40018DB65 /* Route.swift */,
				2599C7621C0CBCA40018DB65 /* UserLocationManager.swift */,
				2599C7631C0CBCA40018DB65 /* WalkingDirectionsManager.swift */,
				2599C7641C0CBCA40018DB65 /* Destination.swift */,
				2599C7061C0CBBA90018DB65 /* AppDelegate.swift */,
				2599C7081C0CBBA90018DB65 /* ViewController.swift */,
				2599C7121C0CBBA90018DB65 /* Info.plist */,
				2569CB991C1E144200E10897 /* Images-2.xcassets */,
			);
			path = Should_I_Run;
			sourceTree = "<group>";
		};
		2599C71A1C0CBBA90018DB65 /* Should_I_RunTests */ = {
			isa = PBXGroup;
			children = (
				2599C71B1C0CBBA90018DB65 /* Should_I_RunTests.swift */,
				2599C71D1C0CBBA90018DB65 /* Info.plist */,
			);
			path = Should_I_RunTests;
			sourceTree = "<group>";
		};
		2599C7251C0CBBA90018DB65 /* Should_I_RunUITests */ = {
			isa = PBXGroup;
			children = (
				2599C7261C0CBBA90018DB65 /* Should_I_RunUITests.swift */,
				2599C7281C0CBBA90018DB65 /* Info.plist */,
			);
			path = Should_I_RunUITests;
			sourceTree = "<group>";
		};
		2599C7341C0CBCA40018DB65 /* Base.lproj */ = {
			isa = PBXGroup;
			children = (
				2599C7351C0CBCA40018DB65 /* LaunchScreen.storyboard */,
				2599C7371C0CBCA40018DB65 /* Main.storyboard */,
			);
			path = Base.lproj;
			sourceTree = "<group>";
		};
		2599C73A1C0CBCA40018DB65 /* resources */ = {
			isa = PBXGroup;
			children = (
				2599C73B1C0CBCA40018DB65 /* Cache.plist */,
				2599C73C1C0CBCA40018DB65 /* Locations.plist */,
			);
			path = resources;
			sourceTree = "<group>";
		};
		2599C73F1C0CBCA40018DB65 /* Helpers */ = {
			isa = PBXGroup;
			children = (
				2560D6DB1C0D1B77009CB756 /* Reachability.h */,
				2560D6DC1C0D1B77009CB756 /* Reachability.m */,
				2599C7401C0CBCA40018DB65 /* bartLookup.swift */,
				2599C7411C0CBCA40018DB65 /* ColorHelper.swift */,
				25B8ECA81C275DDD00121C67 /* Styles.swift */,
				2599C78C1C0CBD200018DB65 /* Should_I_Run-Bridging-Header.h */,
			);
			path = Helpers;
			sourceTree = "<group>";
		};
		2599C74A1C0CBCA40018DB65 /* api */ = {
			isa = PBXGroup;
			children = (
				2599C74B1C0CBCA40018DB65 /* ApiController.swift */,
				2599C74C1C0CBCA40018DB65 /* DataHandler.swift */,
			);
			path = api;
			sourceTree = "<group>";
		};
		2599C74F1C0CBCA40018DB65 /* results */ = {
			isa = PBXGroup;
			children = (
				2599C7501C0CBCA40018DB65 /* cell1.swift */,
				2599C7511C0CBCA40018DB65 /* cell2.swift */,
				2599C7521C0CBCA40018DB65 /* cell3.swift */,
				2599C7531C0CBCA40018DB65 /* cell4.swift */,
				2599C7541C0CBCA40018DB65 /* cell5.swift */,
				2599C7551C0CBCA40018DB65 /* ResultViewController.swift */,
			);
			path = results;
			sourceTree = "<group>";
		};
		767ECFDEC0EEE5224DABF3DB /* Frameworks */ = {
			isa = PBXGroup;
			children = (
				EEDDB5DF0AFA58D9F03C185C /* Pods.framework */,
			);
			name = Frameworks;
			sourceTree = "<group>";
		};
		F460B1E1242E27F568CE4B64 /* Pods */ = {
			isa = PBXGroup;
			children = (
				DE267F3A1510D0B85BB6D2BD /* Pods.debug.xcconfig */,
				74BF1B1E16D8725F3206C97E /* Pods.release.xcconfig */,
			);
			name = Pods;
			sourceTree = "<group>";
		};
/* End PBXGroup section */

/* Begin PBXNativeTarget section */
		2599C7021C0CBBA90018DB65 /* Should_I_Run */ = {
			isa = PBXNativeTarget;
			buildConfigurationList = 2599C72B1C0CBBA90018DB65 /* Build configuration list for PBXNativeTarget "Should_I_Run" */;
			buildPhases = (
				D1B763682B47A48A8C63E799 /* Check Pods Manifest.lock */,
				2599C6FF1C0CBBA90018DB65 /* Sources */,
				2599C7001C0CBBA90018DB65 /* Frameworks */,
				2599C7011C0CBBA90018DB65 /* Resources */,
				9619477BE73745B779F852D8 /* Embed Pods Frameworks */,
				A136335409B84A1770DA32A0 /* Copy Pods Resources */,
			);
			buildRules = (
			);
			dependencies = (
			);
			name = Should_I_Run;
			productName = Should_I_Run;
			productReference = 2599C7031C0CBBA90018DB65 /* Should_I_Run.app */;
			productType = "com.apple.product-type.application";
		};
		2599C7161C0CBBA90018DB65 /* Should_I_RunTests */ = {
			isa = PBXNativeTarget;
			buildConfigurationList = 2599C72E1C0CBBA90018DB65 /* Build configuration list for PBXNativeTarget "Should_I_RunTests" */;
			buildPhases = (
				2599C7131C0CBBA90018DB65 /* Sources */,
				2599C7141C0CBBA90018DB65 /* Frameworks */,
				2599C7151C0CBBA90018DB65 /* Resources */,
			);
			buildRules = (
			);
			dependencies = (
				2599C7191C0CBBA90018DB65 /* PBXTargetDependency */,
			);
			name = Should_I_RunTests;
			productName = Should_I_RunTests;
			productReference = 2599C7171C0CBBA90018DB65 /* Should_I_RunTests.xctest */;
			productType = "com.apple.product-type.bundle.unit-test";
		};
		2599C7211C0CBBA90018DB65 /* Should_I_RunUITests */ = {
			isa = PBXNativeTarget;
			buildConfigurationList = 2599C7311C0CBBA90018DB65 /* Build configuration list for PBXNativeTarget "Should_I_RunUITests" */;
			buildPhases = (
				2599C71E1C0CBBA90018DB65 /* Sources */,
				2599C71F1C0CBBA90018DB65 /* Frameworks */,
				2599C7201C0CBBA90018DB65 /* Resources */,
			);
			buildRules = (
			);
			dependencies = (
				2599C7241C0CBBA90018DB65 /* PBXTargetDependency */,
			);
			name = Should_I_RunUITests;
			productName = Should_I_RunUITests;
			productReference = 2599C7221C0CBBA90018DB65 /* Should_I_RunUITests.xctest */;
			productType = "com.apple.product-type.bundle.ui-testing";
		};
/* End PBXNativeTarget section */

/* Begin PBXProject section */
		2599C6FB1C0CBBA80018DB65 /* Project object */ = {
			isa = PBXProject;
			attributes = {
				LastSwiftUpdateCheck = 0710;
				LastUpgradeCheck = 0710;
				ORGANIZATIONNAME = Should_I_Run;
				TargetAttributes = {
					2599C7021C0CBBA90018DB65 = {
						CreatedOnToolsVersion = 7.1;
					};
					2599C7161C0CBBA90018DB65 = {
						CreatedOnToolsVersion = 7.1;
						TestTargetID = 2599C7021C0CBBA90018DB65;
					};
					2599C7211C0CBBA90018DB65 = {
						CreatedOnToolsVersion = 7.1;
						TestTargetID = 2599C7021C0CBBA90018DB65;
					};
				};
			};
			buildConfigurationList = 2599C6FE1C0CBBA90018DB65 /* Build configuration list for PBXProject "Should_I_Run" */;
			compatibilityVersion = "Xcode 3.2";
			developmentRegion = English;
			hasScannedForEncodings = 0;
			knownRegions = (
				en,
				Base,
			);
			mainGroup = 2599C6FA1C0CBBA80018DB65;
			productRefGroup = 2599C7041C0CBBA90018DB65 /* Products */;
			projectDirPath = "";
			projectRoot = "";
			targets = (
				2599C7021C0CBBA90018DB65 /* Should_I_Run */,
				2599C7161C0CBBA90018DB65 /* Should_I_RunTests */,
				2599C7211C0CBBA90018DB65 /* Should_I_RunUITests */,
			);
		};
/* End PBXProject section */

/* Begin PBXResourcesBuildPhase section */
		2599C7011C0CBBA90018DB65 /* Resources */ = {
			isa = PBXResourcesBuildPhase;
			buildActionMask = 2147483647;
			files = (
				2599C7681C0CBCA40018DB65 /* Cache.plist in Resources */,
				2599C7661C0CBCA40018DB65 /* Main.storyboard in Resources */,
				2599C7651C0CBCA40018DB65 /* LaunchScreen.storyboard in Resources */,
				2569CB9A1C1E144200E10897 /* Images-2.xcassets in Resources */,
				2599C7691C0CBCA40018DB65 /* Locations.plist in Resources */,
			);
			runOnlyForDeploymentPostprocessing = 0;
		};
		2599C7151C0CBBA90018DB65 /* Resources */ = {
			isa = PBXResourcesBuildPhase;
			buildActionMask = 2147483647;
			files = (
			);
			runOnlyForDeploymentPostprocessing = 0;
		};
		2599C7201C0CBBA90018DB65 /* Resources */ = {
			isa = PBXResourcesBuildPhase;
			buildActionMask = 2147483647;
			files = (
			);
			runOnlyForDeploymentPostprocessing = 0;
		};
/* End PBXResourcesBuildPhase section */

/* Begin PBXShellScriptBuildPhase section */
		9619477BE73745B779F852D8 /* Embed Pods Frameworks */ = {
			isa = PBXShellScriptBuildPhase;
			buildActionMask = 2147483647;
			files = (
			);
			inputPaths = (
			);
			name = "Embed Pods Frameworks";
			outputPaths = (
			);
			runOnlyForDeploymentPostprocessing = 0;
			shellPath = /bin/sh;
			shellScript = "\"${SRCROOT}/../Pods/Target Support Files/Pods/Pods-frameworks.sh\"\n";
			showEnvVarsInLog = 0;
		};
		A136335409B84A1770DA32A0 /* Copy Pods Resources */ = {
			isa = PBXShellScriptBuildPhase;
			buildActionMask = 2147483647;
			files = (
			);
			inputPaths = (
			);
			name = "Copy Pods Resources";
			outputPaths = (
			);
			runOnlyForDeploymentPostprocessing = 0;
			shellPath = /bin/sh;
			shellScript = "\"${SRCROOT}/../Pods/Target Support Files/Pods/Pods-resources.sh\"\n";
			showEnvVarsInLog = 0;
		};
		D1B763682B47A48A8C63E799 /* Check Pods Manifest.lock */ = {
			isa = PBXShellScriptBuildPhase;
			buildActionMask = 2147483647;
			files = (
			);
			inputPaths = (
			);
			name = "Check Pods Manifest.lock";
			outputPaths = (
			);
			runOnlyForDeploymentPostprocessing = 0;
			shellPath = /bin/sh;
			shellScript = "diff \"${PODS_ROOT}/../Podfile.lock\" \"${PODS_ROOT}/Manifest.lock\" > /dev/null\nif [[ $? != 0 ]] ; then\n    cat << EOM\nerror: The sandbox is not in sync with the Podfile.lock. Run 'pod install' or update your CocoaPods installation.\nEOM\n    exit 1\nfi\n";
			showEnvVarsInLog = 0;
		};
/* End PBXShellScriptBuildPhase section */

/* Begin PBXSourcesBuildPhase section */
		2599C6FF1C0CBBA90018DB65 /* Sources */ = {
			isa = PBXSourcesBuildPhase;
			buildActionMask = 2147483647;
			files = (
				2599C76C1C0CBCA40018DB65 /* bartLookup.swift in Sources */,
				2599C7881C0CBCA40018DB65 /* Route.swift in Sources */,
				2599C7851C0CBCA40018DB65 /* AddViewController.swift in Sources */,
				25B8ECA91C275DDD00121C67 /* Styles.swift in Sources */,
				2599C77C1C0CBCA40018DB65 /* ResultViewController.swift in Sources */,
				2599C7861C0CBCA40018DB65 /* FileManager.swift in Sources */,
				2599C7891C0CBCA40018DB65 /* UserLocationManager.swift in Sources */,
				2599C78B1C0CBCA40018DB65 /* Destination.swift in Sources */,
				2599C7781C0CBCA40018DB65 /* cell2.swift in Sources */,
				2599C78A1C0CBCA40018DB65 /* WalkingDirectionsManager.swift in Sources */,
				2599C7741C0CBCA40018DB65 /* DataHandler.swift in Sources */,
				2560D6DD1C0D1B77009CB756 /* Reachability.m in Sources */,
				2599C7731C0CBCA40018DB65 /* ApiController.swift in Sources */,
				2599C77A1C0CBCA40018DB65 /* cell4.swift in Sources */,
				2599C7831C0CBCA40018DB65 /* LoadingViewController.swift in Sources */,
				2599C7841C0CBCA40018DB65 /* AddAlarmViewController.swift in Sources */,
				2599C7091C0CBBA90018DB65 /* ViewController.swift in Sources */,
				2599C7721C0CBCA40018DB65 /* MainTableViewController.swift in Sources */,
				2599C7071C0CBBA90018DB65 /* AppDelegate.swift in Sources */,
				2599C7791C0CBCA40018DB65 /* cell3.swift in Sources */,
				2599C7771C0CBCA40018DB65 /* cell1.swift in Sources */,
				2599C77B1C0CBCA40018DB65 /* cell5.swift in Sources */,
				2599C76D1C0CBCA40018DB65 /* ColorHelper.swift in Sources */,
			);
			runOnlyForDeploymentPostprocessing = 0;
		};
		2599C7131C0CBBA90018DB65 /* Sources */ = {
			isa = PBXSourcesBuildPhase;
			buildActionMask = 2147483647;
			files = (
				2599C71C1C0CBBA90018DB65 /* Should_I_RunTests.swift in Sources */,
			);
			runOnlyForDeploymentPostprocessing = 0;
		};
		2599C71E1C0CBBA90018DB65 /* Sources */ = {
			isa = PBXSourcesBuildPhase;
			buildActionMask = 2147483647;
			files = (
				2599C7271C0CBBA90018DB65 /* Should_I_RunUITests.swift in Sources */,
			);
			runOnlyForDeploymentPostprocessing = 0;
		};
/* End PBXSourcesBuildPhase section */

/* Begin PBXTargetDependency section */
		2599C7191C0CBBA90018DB65 /* PBXTargetDependency */ = {
			isa = PBXTargetDependency;
			target = 2599C7021C0CBBA90018DB65 /* Should_I_Run */;
			targetProxy = 2599C7181C0CBBA90018DB65 /* PBXContainerItemProxy */;
		};
		2599C7241C0CBBA90018DB65 /* PBXTargetDependency */ = {
			isa = PBXTargetDependency;
			target = 2599C7021C0CBBA90018DB65 /* Should_I_Run */;
			targetProxy = 2599C7231C0CBBA90018DB65 /* PBXContainerItemProxy */;
		};
/* End PBXTargetDependency section */

/* Begin PBXVariantGroup section */
		2599C7351C0CBCA40018DB65 /* LaunchScreen.storyboard */ = {
			isa = PBXVariantGroup;
			children = (
				2599C7361C0CBCA40018DB65 /* Base */,
			);
			name = LaunchScreen.storyboard;
			sourceTree = "<group>";
		};
		2599C7371C0CBCA40018DB65 /* Main.storyboard */ = {
			isa = PBXVariantGroup;
			children = (
				2599C7381C0CBCA40018DB65 /* Base */,
			);
			name = Main.storyboard;
			sourceTree = "<group>";
		};
/* End PBXVariantGroup section */

/* Begin XCBuildConfiguration section */
		2599C7291C0CBBA90018DB65 /* Debug */ = {
			isa = XCBuildConfiguration;
			buildSettings = {
				ALWAYS_SEARCH_USER_PATHS = NO;
				CLANG_CXX_LANGUAGE_STANDARD = "gnu++0x";
				CLANG_CXX_LIBRARY = "libc++";
				CLANG_ENABLE_MODULES = YES;
				CLANG_ENABLE_OBJC_ARC = YES;
				CLANG_WARN_BOOL_CONVERSION = YES;
				CLANG_WARN_CONSTANT_CONVERSION = YES;
				CLANG_WARN_DIRECT_OBJC_ISA_USAGE = YES_ERROR;
				CLANG_WARN_EMPTY_BODY = YES;
				CLANG_WARN_ENUM_CONVERSION = YES;
				CLANG_WARN_INT_CONVERSION = YES;
				CLANG_WARN_OBJC_ROOT_CLASS = YES_ERROR;
				CLANG_WARN_UNREACHABLE_CODE = YES;
				CLANG_WARN__DUPLICATE_METHOD_MATCH = YES;
				"CODE_SIGN_IDENTITY[sdk=iphoneos*]" = "iPhone Developer";
				COPY_PHASE_STRIP = NO;
				DEBUG_INFORMATION_FORMAT = dwarf;
				ENABLE_STRICT_OBJC_MSGSEND = YES;
				ENABLE_TESTABILITY = YES;
				GCC_C_LANGUAGE_STANDARD = gnu99;
				GCC_DYNAMIC_NO_PIC = NO;
				GCC_NO_COMMON_BLOCKS = YES;
				GCC_OPTIMIZATION_LEVEL = 0;
				GCC_PREPROCESSOR_DEFINITIONS = (
					"DEBUG=1",
					"$(inherited)",
				);
				GCC_WARN_64_TO_32_BIT_CONVERSION = YES;
				GCC_WARN_ABOUT_RETURN_TYPE = YES_ERROR;
				GCC_WARN_UNDECLARED_SELECTOR = YES;
				GCC_WARN_UNINITIALIZED_AUTOS = YES_AGGRESSIVE;
				GCC_WARN_UNUSED_FUNCTION = YES;
				GCC_WARN_UNUSED_VARIABLE = YES;
				IPHONEOS_DEPLOYMENT_TARGET = 9.1;
				MTL_ENABLE_DEBUG_INFO = YES;
				ONLY_ACTIVE_ARCH = YES;
				SDKROOT = iphoneos;
				SWIFT_OPTIMIZATION_LEVEL = "-Onone";
			};
			name = Debug;
		};
		2599C72A1C0CBBA90018DB65 /* Release */ = {
			isa = XCBuildConfiguration;
			buildSettings = {
				ALWAYS_SEARCH_USER_PATHS = NO;
				CLANG_CXX_LANGUAGE_STANDARD = "gnu++0x";
				CLANG_CXX_LIBRARY = "libc++";
				CLANG_ENABLE_MODULES = YES;
				CLANG_ENABLE_OBJC_ARC = YES;
				CLANG_WARN_BOOL_CONVERSION = YES;
				CLANG_WARN_CONSTANT_CONVERSION = YES;
				CLANG_WARN_DIRECT_OBJC_ISA_USAGE = YES_ERROR;
				CLANG_WARN_EMPTY_BODY = YES;
				CLANG_WARN_ENUM_CONVERSION = YES;
				CLANG_WARN_INT_CONVERSION = YES;
				CLANG_WARN_OBJC_ROOT_CLASS = YES_ERROR;
				CLANG_WARN_UNREACHABLE_CODE = YES;
				CLANG_WARN__DUPLICATE_METHOD_MATCH = YES;
				"CODE_SIGN_IDENTITY[sdk=iphoneos*]" = "iPhone Developer";
				COPY_PHASE_STRIP = NO;
				DEBUG_INFORMATION_FORMAT = "dwarf-with-dsym";
				ENABLE_NS_ASSERTIONS = NO;
				ENABLE_STRICT_OBJC_MSGSEND = YES;
				GCC_C_LANGUAGE_STANDARD = gnu99;
				GCC_NO_COMMON_BLOCKS = YES;
				GCC_WARN_64_TO_32_BIT_CONVERSION = YES;
				GCC_WARN_ABOUT_RETURN_TYPE = YES_ERROR;
				GCC_WARN_UNDECLARED_SELECTOR = YES;
				GCC_WARN_UNINITIALIZED_AUTOS = YES_AGGRESSIVE;
				GCC_WARN_UNUSED_FUNCTION = YES;
				GCC_WARN_UNUSED_VARIABLE = YES;
				IPHONEOS_DEPLOYMENT_TARGET = 9.1;
				MTL_ENABLE_DEBUG_INFO = NO;
				SDKROOT = iphoneos;
				VALIDATE_PRODUCT = YES;
			};
			name = Release;
		};
		2599C72C1C0CBBA90018DB65 /* Debug */ = {
			isa = XCBuildConfiguration;
			baseConfigurationReference = DE267F3A1510D0B85BB6D2BD /* Pods.debug.xcconfig */;
			buildSettings = {
				ASSETCATALOG_COMPILER_APPICON_NAME = AppIcon;
				ASSETCATALOG_COMPILER_LAUNCHIMAGE_NAME = "Brand Assets";
				CLANG_ENABLE_MODULES = YES;
				INFOPLIST_FILE = Should_I_Run/Info.plist;
				LD_RUNPATH_SEARCH_PATHS = "$(inherited) @executable_path/Frameworks";
				PRODUCT_BUNDLE_IDENTIFIER = "com.should-i-run.Should-I-Run";
				PRODUCT_NAME = "$(TARGET_NAME)";
				SWIFT_OBJC_BRIDGING_HEADER = "Should_I_Run/Helpers/Should_I_Run-Bridging-Header.h";
				SWIFT_OPTIMIZATION_LEVEL = "-Onone";
			};
			name = Debug;
		};
		2599C72D1C0CBBA90018DB65 /* Release */ = {
			isa = XCBuildConfiguration;
			baseConfigurationReference = 74BF1B1E16D8725F3206C97E /* Pods.release.xcconfig */;
			buildSettings = {
				ASSETCATALOG_COMPILER_APPICON_NAME = AppIcon;
				ASSETCATALOG_COMPILER_LAUNCHIMAGE_NAME = "Brand Assets";
				CLANG_ENABLE_MODULES = YES;
				INFOPLIST_FILE = Should_I_Run/Info.plist;
				LD_RUNPATH_SEARCH_PATHS = "$(inherited) @executable_path/Frameworks";
				PRODUCT_BUNDLE_IDENTIFIER = "com.should-i-run.Should-I-Run";
				PRODUCT_NAME = "$(TARGET_NAME)";
				SWIFT_OBJC_BRIDGING_HEADER = "Should_I_Run/Helpers/Should_I_Run-Bridging-Header.h";
			};
			name = Release;
		};
		2599C72F1C0CBBA90018DB65 /* Debug */ = {
			isa = XCBuildConfiguration;
			buildSettings = {
				BUNDLE_LOADER = "$(TEST_HOST)";
				INFOPLIST_FILE = Should_I_RunTests/Info.plist;
				LD_RUNPATH_SEARCH_PATHS = "$(inherited) @executable_path/Frameworks @loader_path/Frameworks";
				PRODUCT_BUNDLE_IDENTIFIER = "com.should-i-run.Should-I-RunTests";
				PRODUCT_NAME = "$(TARGET_NAME)";
				TEST_HOST = "$(BUILT_PRODUCTS_DIR)/Should_I_Run.app/Should_I_Run";
			};
			name = Debug;
		};
		2599C7301C0CBBA90018DB65 /* Release */ = {
			isa = XCBuildConfiguration;
			buildSettings = {
				BUNDLE_LOADER = "$(TEST_HOST)";
				INFOPLIST_FILE = Should_I_RunTests/Info.plist;
				LD_RUNPATH_SEARCH_PATHS = "$(inherited) @executable_path/Frameworks @loader_path/Frameworks";
				PRODUCT_BUNDLE_IDENTIFIER = "com.should-i-run.Should-I-RunTests";
				PRODUCT_NAME = "$(TARGET_NAME)";
				TEST_HOST = "$(BUILT_PRODUCTS_DIR)/Should_I_Run.app/Should_I_Run";
			};
			name = Release;
		};
		2599C7321C0CBBA90018DB65 /* Debug */ = {
			isa = XCBuildConfiguration;
			buildSettings = {
				INFOPLIST_FILE = Should_I_RunUITests/Info.plist;
				LD_RUNPATH_SEARCH_PATHS = "$(inherited) @executable_path/Frameworks @loader_path/Frameworks";
				PRODUCT_BUNDLE_IDENTIFIER = "com.should-i-run.Should-I-RunUITests";
				PRODUCT_NAME = "$(TARGET_NAME)";
				TEST_TARGET_NAME = Should_I_Run;
				USES_XCTRUNNER = YES;
			};
			name = Debug;
		};
		2599C7331C0CBBA90018DB65 /* Release */ = {
			isa = XCBuildConfiguration;
			buildSettings = {
				INFOPLIST_FILE = Should_I_RunUITests/Info.plist;
				LD_RUNPATH_SEARCH_PATHS = "$(inherited) @executable_path/Frameworks @loader_path/Frameworks";
				PRODUCT_BUNDLE_IDENTIFIER = "com.should-i-run.Should-I-RunUITests";
				PRODUCT_NAME = "$(TARGET_NAME)";
				TEST_TARGET_NAME = Should_I_Run;
				USES_XCTRUNNER = YES;
			};
			name = Release;
		};
/* End XCBuildConfiguration section */

/* Begin XCConfigurationList section */
		2599C6FE1C0CBBA90018DB65 /* Build configuration list for PBXProject "Should_I_Run" */ = {
			isa = XCConfigurationList;
			buildConfigurations = (
				2599C7291C0CBBA90018DB65 /* Debug */,
				2599C72A1C0CBBA90018DB65 /* Release */,
			);
			defaultConfigurationIsVisible = 0;
			defaultConfigurationName = Release;
		};
		2599C72B1C0CBBA90018DB65 /* Build configuration list for PBXNativeTarget "Should_I_Run" */ = {
			isa = XCConfigurationList;
			buildConfigurations = (
				2599C72C1C0CBBA90018DB65 /* Debug */,
				2599C72D1C0CBBA90018DB65 /* Release */,
			);
			defaultConfigurationIsVisible = 0;
			defaultConfigurationName = Release;
		};
		2599C72E1C0CBBA90018DB65 /* Build configuration list for PBXNativeTarget "Should_I_RunTests" */ = {
			isa = XCConfigurationList;
			buildConfigurations = (
				2599C72F1C0CBBA90018DB65 /* Debug */,
				2599C7301C0CBBA90018DB65 /* Release */,
			);
			defaultConfigurationIsVisible = 0;
			defaultConfigurationName = Release;
		};
		2599C7311C0CBBA90018DB65 /* Build configuration list for PBXNativeTarget "Should_I_RunUITests" */ = {
			isa = XCConfigurationList;
			buildConfigurations = (
				2599C7321C0CBBA90018DB65 /* Debug */,
				2599C7331C0CBBA90018DB65 /* Release */,
			);
			defaultConfigurationIsVisible = 0;
			defaultConfigurationName = Release;
		};
/* End XCConfigurationList section */
	};
	rootObject = 2599C6FB1C0CBBA80018DB65 /* Project object */;
}
